	<Project xmlns="http://schemas.microsoft.com/developer/msbuild/2003">
		<PropertyGroup>
			<ProjectGuid>{1209403E-739D-41E6-8DB2-1BFBF488C98A}</ProjectGuid>
			<MainSource>TeeDB811.dpk</MainSource>
			<Config Condition="'$(Config)'==''">Debug</Config>
			<DCC_DCCCompiler>DCC32</DCC_DCCCompiler>
			<ProjectVersion>12.0</ProjectVersion>
		</PropertyGroup>
		<PropertyGroup Condition="'$(Config)'=='Basis' or '$(Base)'!=''">
			<Base>true</Base>
		</PropertyGroup>
		<PropertyGroup Condition="'$(Config)'=='Release' or '$(Cfg_1)'!=''">
			<Cfg_1>true</Cfg_1>
			<CfgParent>Base</CfgParent>
			<Base>true</Base>
		</PropertyGroup>
		<PropertyGroup Condition="'$(Config)'=='Debug' or '$(Cfg_2)'!=''">
			<Cfg_2>true</Cfg_2>
			<CfgParent>Base</CfgParent>
			<Base>true</Base>
		</PropertyGroup>
		<PropertyGroup Condition="'$(Base)'!=''">
			<DCC_ImageBase>42400000</DCC_ImageBase>
			<DCC_DependencyCheckOutputName>..\..\..\Bpl\TeeDB811.bpl</DCC_DependencyCheckOutputName>
			<DCC_UNSAFE_TYPE>true</DCC_UNSAFE_TYPE>
			<DCC_UNSAFE_CAST>true</DCC_UNSAFE_CAST>
			<DCC_UNSAFE_CODE>true</DCC_UNSAFE_CODE>
			<DCC_LocalDebugSymbols>false</DCC_LocalDebugSymbols>
			<DCC_UnitAlias>WinTypes=Windows;WinProcs=Windows;DbiTypes=BDE;DbiProcs=BDE;DbiErrs=BDE;$(DCC_UnitAlias)</DCC_UnitAlias>
			<DCC_Platform>x86</DCC_Platform>
			<RuntimeOnlyPackage>true</RuntimeOnlyPackage>
			<DCC_Description>TeeChart 8 Database Components</DCC_Description>
			<DCC_DebugInformation>false</DCC_DebugInformation>
			<DCC_N>true</DCC_N>
			<DCC_K>false</DCC_K>
			<DCC_S>false</DCC_S>
			<GenDll>true</GenDll>
			<DCC_OutputNeverBuildDcps>true</DCC_OutputNeverBuildDcps>
			<GenPackage>true</GenPackage>
			<DCC_SymbolReferenceInfo>0</DCC_SymbolReferenceInfo>
			<DCC_AssertionsAtRuntime>false</DCC_AssertionsAtRuntime>
			<DCC_F>false</DCC_F>
			<DCC_E>false</DCC_E>
		</PropertyGroup>
		<PropertyGroup Condition="'$(Cfg_1)'!=''">
			<DCC_Define>RELEASE;$(DCC_Define)</DCC_Define>
		</PropertyGroup>
		<PropertyGroup Condition="'$(Cfg_2)'!=''">
			<DCC_Define>DEBUG;$(DCC_Define)</DCC_Define>
		</PropertyGroup>
		<ItemGroup>
			<DelphiCompile Include="TeeDB811.dpk">
				<MainSource>MainSource</MainSource>
			</DelphiCompile>
			<DCCReference Include="Vcl.dcp"/>
			<DCCReference Include="VclDb.dcp"/>
			<DCCReference Include="Tee811.dcp"/>
			<DCCReference Include="TeeUI811.dcp"/>
			<DCCReference Include="DBChart.pas"/>
			<DCCReference Include="DBEditCh.pas">
				<Form>DBChartEditor</Form>
			</DCCReference>
			<DCCReference Include="TeeData.pas"/>
			<DCCReference Include="TeeDBCrosstab.pas">
				<Form>DBChartCrossTabEditor</Form>
			</DCCReference>
			<DCCReference Include="TeeDBEdit.pas">
				<Form>BaseDBChartEditor</Form>
			</DCCReference>
			<DCCReference Include="TeeDBSumEdit.pas">
				<Form>DBChartSumEditor</Form>
			</DCCReference>
			<DCCReference Include="TeeDBSourceEditor.pas">
				<Form>DBChartSourceEditor</Form>
			</DCCReference>
			<BuildConfiguration Include="Basis">
				<Key>Base</Key>
			</BuildConfiguration>
			<BuildConfiguration Include="Debug">
				<Key>Cfg_2</Key>
				<CfgParent>Base</CfgParent>
			</BuildConfiguration>
			<BuildConfiguration Include="Release">
				<Key>Cfg_1</Key>
				<CfgParent>Base</CfgParent>
			</BuildConfiguration>
		</ItemGroup>
		<Import Project="$(BDS)\Bin\CodeGear.Delphi.Targets" Condition="Exists('$(BDS)\Bin\CodeGear.Delphi.Targets')"/>
		<ProjectExtensions>
			<Borland.Personality>Delphi.Personality.12</Borland.Personality>
			<Borland.ProjectType>Package</Borland.ProjectType>
			<BorlandProject>
				<Delphi.Personality>
					<Source>
						<Source Name="MainSource">TeeDB811.dpk</Source>
					</Source>
					<Parameters>
						<Parameters Name="UseLauncher">False</Parameters>
						<Parameters Name="LoadAllSymbols">True</Parameters>
						<Parameters Name="LoadUnspecifiedSymbols">False</Parameters>
					</Parameters>
					<VersionInfo>
						<VersionInfo Name="IncludeVerInfo">True</VersionInfo>
						<VersionInfo Name="AutoIncBuild">False</VersionInfo>
						<VersionInfo Name="MajorVer">8</VersionInfo>
						<VersionInfo Name="MinorVer">0</VersionInfo>
						<VersionInfo Name="Release">0</VersionInfo>
						<VersionInfo Name="Build">0</VersionInfo>
						<VersionInfo Name="Debug">False</VersionInfo>
						<VersionInfo Name="PreRelease">False</VersionInfo>
						<VersionInfo Name="Special">False</VersionInfo>
						<VersionInfo Name="Private">False</VersionInfo>
						<VersionInfo Name="DLL">False</VersionInfo>
						<VersionInfo Name="Locale">3082</VersionInfo>
						<VersionInfo Name="CodePage">1252</VersionInfo>
					</VersionInfo>
					<VersionInfoKeys>
						<VersionInfoKeys Name="CompanyName">Steema Software</VersionInfoKeys>
						<VersionInfoKeys Name="FileDescription">TeeChart Database Components</VersionInfoKeys>
						<VersionInfoKeys Name="FileVersion">8.0.0.0</VersionInfoKeys>
						<VersionInfoKeys Name="InternalName">TeeDB811</VersionInfoKeys>
						<VersionInfoKeys Name="LegalCopyright">Copyright (c) 2005-2007 by Steema Software</VersionInfoKeys>
						<VersionInfoKeys Name="LegalTrademarks"/>
						<VersionInfoKeys Name="OriginalFilename">TeeDB811</VersionInfoKeys>
						<VersionInfoKeys Name="ProductName">TeeChart</VersionInfoKeys>
						<VersionInfoKeys Name="ProductVersion">8.0.0.0</VersionInfoKeys>
						<VersionInfoKeys Name="Comments"/>
					</VersionInfoKeys>
				</Delphi.Personality>
			</BorlandProject>
			<ProjectFileVersion>12</ProjectFileVersion>
		</ProjectExtensions>
	</Project>
