	<Project xmlns="http://schemas.microsoft.com/developer/msbuild/2003">
		<PropertyGroup>
			<ProjectGuid>{E58BA54B-4D57-419C-98AE-A0520AAC4879}</ProjectGuid>
			<MainSource>TeeImage811.dpk</MainSource>
			<Config Condition="'$(Config)'==''">Debug</Config>
			<DCC_DCCCompiler>DCC32</DCC_DCCCompiler>
			<ProjectVersion>12.0</ProjectVersion>
		</PropertyGroup>
		<PropertyGroup Condition="'$(Config)'=='Basis' or '$(Base)'!=''">
			<Base>true</Base>
		</PropertyGroup>
		<PropertyGroup Condition="'$(Config)'=='Release' or '$(Cfg_1)'!=''">
			<Cfg_1>true</Cfg_1>
			<CfgParent>Base</CfgParent>
			<Base>true</Base>
		</PropertyGroup>
		<PropertyGroup Condition="'$(Config)'=='Debug' or '$(Cfg_2)'!=''">
			<Cfg_2>true</Cfg_2>
			<CfgParent>Base</CfgParent>
			<Base>true</Base>
		</PropertyGroup>
		<PropertyGroup Condition="'$(Base)'!=''">
			<DCC_ImageBase>43200000</DCC_ImageBase>
			<DCC_DependencyCheckOutputName>..\..\..\Bpl\TeeImage811.bpl</DCC_DependencyCheckOutputName>
			<DCC_DebugInformation>false</DCC_DebugInformation>
			<DCC_UsePackage>vcl;rtl;xmlrtl;inet;inetdbbde;inetdbxpress;vclx;vclimg;dbrtl;soaprtl;dsnap;indy;adortl;vcldb;bdertl;vcldbx;ibxpress;vclactnband;dsnapcon;dbexpress;dbxcds;inetdb;webdsnap;websnap;TeeUI811;Tee811;TeeDB811</DCC_UsePackage>
			<RuntimeOnlyPackage>true</RuntimeOnlyPackage>
			<DCC_LocalDebugSymbols>false</DCC_LocalDebugSymbols>
			<DCC_UnitAlias>WinTypes=Windows;WinProcs=Windows;DbiTypes=BDE;DbiProcs=BDE;DbiErrs=BDE;$(DCC_UnitAlias)</DCC_UnitAlias>
			<DCC_Description>TeeChart Pro 8 Graphic Formats</DCC_Description>
			<DCC_Platform>x86</DCC_Platform>
			<DCC_SymbolReferenceInfo>0</DCC_SymbolReferenceInfo>
			<DCC_S>false</DCC_S>
			<DCC_N>true</DCC_N>
			<GenDll>true</GenDll>
			<DCC_OutputNeverBuildDcps>true</DCC_OutputNeverBuildDcps>
			<DCC_K>false</DCC_K>
			<DCC_AssertionsAtRuntime>false</DCC_AssertionsAtRuntime>
			<GenPackage>true</GenPackage>
			<DCC_F>false</DCC_F>
			<DCC_E>false</DCC_E>
		</PropertyGroup>
		<PropertyGroup Condition="'$(Cfg_1)'!=''">
			<DCC_Define>RELEASE;$(DCC_Define)</DCC_Define>
		</PropertyGroup>
		<PropertyGroup Condition="'$(Cfg_2)'!=''">
			<DCC_Define>DEBUG;$(DCC_Define)</DCC_Define>
		</PropertyGroup>
		<ItemGroup>
			<DelphiCompile Include="TeeImage811.dpk">
				<MainSource>MainSource</MainSource>
			</DelphiCompile>
			<DCCReference Include="rtl.dcp"/>
			<DCCReference Include="vcl.dcp"/>
			<DCCReference Include="vcljpg.dcp"/>
			<DCCReference Include="vclimg.dcp"/>
			<DCCReference Include="Tee811.dcp"/>
			<DCCReference Include="TeeUI811.dcp"/>
			<DCCReference Include="TeeJPEG.pas"/>
			<DCCReference Include="TeeGIF.pas"/>
			<DCCReference Include="TeePNG.pas">
				<Form>TeePNGOptions</Form>
			</DCCReference>
			<DCCReference Include="teepcx.pas">
				<Form>PCXOptions</Form>
			</DCCReference>
			<DCCReference Include="TeeVMLCanvas.pas"/>
			<DCCReference Include="pcx.pas"/>
			<DCCReference Include="TeePDFCanvas.pas"/>
			<DCCReference Include="TeeSVGCanvas.pas"/>
			<DCCReference Include="TeePSCanvas.pas"/>
			<DCCReference Include="TeeXAMLCanvas.pas"/>
			<DCCReference Include="TeeFlexCanvas.pas"/>
			<DCCReference Include="TeeDosCommand.pas"/>
			<BuildConfiguration Include="Basis">
				<Key>Base</Key>
			</BuildConfiguration>
			<BuildConfiguration Include="Debug">
				<Key>Cfg_2</Key>
				<CfgParent>Base</CfgParent>
			</BuildConfiguration>
			<BuildConfiguration Include="Release">
				<Key>Cfg_1</Key>
				<CfgParent>Base</CfgParent>
			</BuildConfiguration>
		</ItemGroup>
		<Import Project="$(BDS)\Bin\CodeGear.Delphi.Targets" Condition="Exists('$(BDS)\Bin\CodeGear.Delphi.Targets')"/>
		<ProjectExtensions>
			<Borland.Personality>Delphi.Personality.12</Borland.Personality>
			<Borland.ProjectType>Package</Borland.ProjectType>
			<BorlandProject>
				<Delphi.Personality>
					<Source>
						<Source Name="MainSource">TeeImage811.dpk</Source>
					</Source>
					<Parameters>
						<Parameters Name="UseLauncher">False</Parameters>
						<Parameters Name="LoadAllSymbols">True</Parameters>
						<Parameters Name="LoadUnspecifiedSymbols">False</Parameters>
					</Parameters>
					<VersionInfo>
						<VersionInfo Name="IncludeVerInfo">True</VersionInfo>
						<VersionInfo Name="AutoIncBuild">False</VersionInfo>
						<VersionInfo Name="MajorVer">8</VersionInfo>
						<VersionInfo Name="MinorVer">0</VersionInfo>
						<VersionInfo Name="Release">0</VersionInfo>
						<VersionInfo Name="Build">0</VersionInfo>
						<VersionInfo Name="Debug">False</VersionInfo>
						<VersionInfo Name="PreRelease">False</VersionInfo>
						<VersionInfo Name="Special">False</VersionInfo>
						<VersionInfo Name="Private">False</VersionInfo>
						<VersionInfo Name="DLL">False</VersionInfo>
						<VersionInfo Name="Locale">3082</VersionInfo>
						<VersionInfo Name="CodePage">1252</VersionInfo>
					</VersionInfo>
					<VersionInfoKeys>
						<VersionInfoKeys Name="CompanyName">Steema Software</VersionInfoKeys>
						<VersionInfoKeys Name="FileDescription">TeeChart Graphic Formats</VersionInfoKeys>
						<VersionInfoKeys Name="FileVersion">8.0.1.0</VersionInfoKeys>
						<VersionInfoKeys Name="InternalName"/>
						<VersionInfoKeys Name="LegalCopyright">Copyright 2006-2007 by David Berneda</VersionInfoKeys>
						<VersionInfoKeys Name="LegalTrademarks"/>
						<VersionInfoKeys Name="OriginalFilename">TeeImage811</VersionInfoKeys>
						<VersionInfoKeys Name="ProductName">TeeChart Pro</VersionInfoKeys>
						<VersionInfoKeys Name="ProductVersion">8.0.1.0</VersionInfoKeys>
					</VersionInfoKeys>
				</Delphi.Personality>
			</BorlandProject>
			<ProjectFileVersion>12</ProjectFileVersion>
		</ProjectExtensions>
	</Project>
